
Microsoft Visual Studio Solution File, Format Version 12.00
# Visual Studio Version 16
VisualStudioVersion = 16.0.35826.135
MinimumVisualStudioVersion = 10.0.40219.1
Project("{FAE04EC0-301F-11D3-BF4B-00C04F79EFBC}") = "ZonaNicaragua", "ZonaNicaragua\ZonaNicaragua.csproj", "{CDFFDD95-0883-40A5-B9BD-C07A92B17C7F}"
EndProject
Global
	GlobalSection(SolutionConfigurationPlatforms) = preSolution
		Debug|Any CPU = Debug|Any CPU
		Release|Any CPU = Release|Any CPU
	EndGlobalSection
	GlobalSection(ProjectConfigurationPlatforms) = postSolution
		{CDFFDD95-0883-40A5-B9BD-C07A92B17C7F}.Debug|Any CPU.ActiveCfg = Debug|Any CPU
		{CDFFDD95-0883-40A5-B9BD-C07A92B17C7F}.Debug|Any CPU.Build.0 = Debug|Any CPU
		{CDFFDD95-0883-40A5-B9BD-C07A92B17C7F}.Release|Any CPU.ActiveCfg = Release|Any CPU
		{CDFFDD95-0883-40A5-B9BD-C07A92B17C7F}.Release|Any CPU.Build.0 = Release|Any CPU
	EndGlobalSection
	GlobalSection(SolutionProperties) = preSolution
		HideSolutionNode = FALSE
	EndGlobalSection
	GlobalSection(ExtensibilityGlobals) = postSolution
		SolutionGuid = {60C364DA-3C44-4EC4-8528-8A66039C2E20}
	EndGlobalSection
EndGlobal
